
Microsoft Visual Studio Solution File, Format Version 12.00
Project("{2150E333-8FDC-42A3-9474-1A3956D46DE8}") = "Server", "Server", "{733D705D-EE9A-4F5F-A1BD-0EF910E1815D}"
EndProject
Project("{FAE04EC0-301F-11D3-BF4B-00C04F79EFBC}") = "RepositoryContracts", "Server\RepositoryContracts\RepositoryContracts.csproj", "{9FCF1381-8F2E-4372-B08B-4D7D08F4FEB6}"
EndProject
Project("{FAE04EC0-301F-11D3-BF4B-00C04F79EFBC}") = "Entities", "Server\Entities\Entities.csproj", "{5F048A76-46CB-4E76-A8E1-A1FF488F21F6}"
EndProject
Project("{FAE04EC0-301F-11D3-BF4B-00C04F79EFBC}") = "InMemoryRepositories", "Server\InMemoryRepositories\InMemoryRepositories.csproj", "{6C82BB18-9088-45D4-A2E0-02F03A52EB43}"
EndProject
Project("{FAE04EC0-301F-11D3-BF4B-00C04F79EFBC}") = "CLI", "Server\CLI\CLI.csproj", "{00C8B036-3DE7-43B1-9B67-FE452841E9BA}"
EndProject
Global
	GlobalSection(SolutionConfigurationPlatforms) = preSolution
		Debug|Any CPU = Debug|Any CPU
		Release|Any CPU = Release|Any CPU
	EndGlobalSection
	GlobalSection(NestedProjects) = preSolution
		{9FCF1381-8F2E-4372-B08B-4D7D08F4FEB6} = {733D705D-EE9A-4F5F-A1BD-0EF910E1815D}
		{5F048A76-46CB-4E76-A8E1-A1FF488F21F6} = {733D705D-EE9A-4F5F-A1BD-0EF910E1815D}
		{6C82BB18-9088-45D4-A2E0-02F03A52EB43} = {733D705D-EE9A-4F5F-A1BD-0EF910E1815D}
		{00C8B036-3DE7-43B1-9B67-FE452841E9BA} = {733D705D-EE9A-4F5F-A1BD-0EF910E1815D}
	EndGlobalSection
	GlobalSection(ProjectConfigurationPlatforms) = postSolution
		{9FCF1381-8F2E-4372-B08B-4D7D08F4FEB6}.Debug|Any CPU.ActiveCfg = Debug|Any CPU
		{9FCF1381-8F2E-4372-B08B-4D7D08F4FEB6}.Debug|Any CPU.Build.0 = Debug|Any CPU
		{9FCF1381-8F2E-4372-B08B-4D7D08F4FEB6}.Release|Any CPU.ActiveCfg = Release|Any CPU
		{9FCF1381-8F2E-4372-B08B-4D7D08F4FEB6}.Release|Any CPU.Build.0 = Release|Any CPU
		{5F048A76-46CB-4E76-A8E1-A1FF488F21F6}.Debug|Any CPU.ActiveCfg = Debug|Any CPU
		{5F048A76-46CB-4E76-A8E1-A1FF488F21F6}.Debug|Any CPU.Build.0 = Debug|Any CPU
		{5F048A76-46CB-4E76-A8E1-A1FF488F21F6}.Release|Any CPU.ActiveCfg = Release|Any CPU
		{5F048A76-46CB-4E76-A8E1-A1FF488F21F6}.Release|Any CPU.Build.0 = Release|Any CPU
		{6C82BB18-9088-45D4-A2E0-02F03A52EB43}.Debug|Any CPU.ActiveCfg = Debug|Any CPU
		{6C82BB18-9088-45D4-A2E0-02F03A52EB43}.Debug|Any CPU.Build.0 = Debug|Any CPU
		{6C82BB18-9088-45D4-A2E0-02F03A52EB43}.Release|Any CPU.ActiveCfg = Release|Any CPU
		{6C82BB18-9088-45D4-A2E0-02F03A52EB43}.Release|Any CPU.Build.0 = Release|Any CPU
		{00C8B036-3DE7-43B1-9B67-FE452841E9BA}.Debug|Any CPU.ActiveCfg = Debug|Any CPU
		{00C8B036-3DE7-43B1-9B67-FE452841E9BA}.Debug|Any CPU.Build.0 = Debug|Any CPU
		{00C8B036-3DE7-43B1-9B67-FE452841E9BA}.Release|Any CPU.ActiveCfg = Release|Any CPU
		{00C8B036-3DE7-43B1-9B67-FE452841E9BA}.Release|Any CPU.Build.0 = Release|Any CPU
	EndGlobalSection
EndGlobal
